<?xml version="1.0" encoding="UTF-8"?>
<CONFIG>
  <ProjectOptions>
    <Version Value="9"/>
    <General>
      <MainUnit Value="0"/>
      <Title Value="Quick Hash"/>
      <XPManifest>
        <ExecutionLevel Value="1"/>
      </XPManifest>
      <Icon Value="0"/>
    </General>
    <i18n>
      <OutDir Value="languages"/>
    </i18n>
    <VersionInfo>
      <UseVersionInfo Value="True"/>
      <AutoIncrementBuild Value="True"/>
      <MajorVersionNr Value="2"/>
      <MinorVersionNr Value="6"/>
      <RevisionNr Value="2"/>
      <BuildNr Value="6"/>
      <Language Value="0809"/>
      <StringTable Comments="Free, cross platform, open-source file and disk hashing software" CompanyName="Ted Smith (Ted Technology on Sourceforge)" FileDescription="File hashing GUI for Linux &amp; Windows" LegalCopyright="2011 - 2015 (c) Ted Smith" ProductName="QuickHash" ProductVersion="2.6.2.b"/>
    </VersionInfo>
    <BuildModes Count="1">
      <Item1 Name="default" Default="True"/>
    </BuildModes>
    <PublishOptions>
      <Version Value="2"/>
      <DestinationDirectory Value="C:/Temp/src"/>
      <IncludeFileFilter Value="*.(pas|pp|inc|lfm|lpr|lrs|lpi|lpk|sh|xml)"/>
      <ExcludeFileFilter Value="*.(bak|ppu|ppw|o|so);*~;backup"/>
    </PublishOptions>
    <RunParams>
      <local>
        <FormatVersion Value="1"/>
        <LaunchingApplication PathPlusParams="/usr/X11R6/bin/xterm -T 'Lazarus Run Output' -e $(LazarusDir)/tools/runwait.sh $(TargetCmdLine)"/>
      </local>
    </RunParams>
    <RequiredPackages Count="2">
      <Item1>
        <PackageName Value="dcpcrypt"/>
      </Item1>
      <Item2>
        <PackageName Value="LCL"/>
      </Item2>
    </RequiredPackages>
    <Units Count="65">
      <Unit0>
        <Filename Value="project1.lpr"/>
        <IsPartOfProject Value="True"/>
        <EditorIndex Value="6"/>
        <CursorPos X="46" Y="24"/>
        <UsageCount Value="200"/>
        <Loaded Value="True"/>
      </Unit0>
      <Unit1>
        <Filename Value="unit1.pas"/>
        <ComponentName Value="Form1"/>
        <HasResources Value="True"/>
        <ResourceBaseClass Value="Form"/>
        <TopLine Value="1353"/>
        <CursorPos X="25" Y="777"/>
        <UsageCount Value="180"/>
      </Unit1>
      <Unit2>
        <Filename Value="../../../lazarus/lcl/grids.pas"/>
        <TopLine Value="1081"/>
        <CursorPos X="22" Y="1106"/>
        <UsageCount Value="277"/>
      </Unit2>
      <Unit3>
        <Filename Value="../AmazonUtil/unit1.pas"/>
        <TopLine Value="210"/>
        <CursorPos X="7" Y="240"/>
        <UsageCount Value="274"/>
      </Unit3>
      <Unit4>
        <Filename Value="../RoastLamb - Alpha 8.0 - Distributed 12-11-29/unit1.pas"/>
        <TopLine Value="3047"/>
        <CursorPos X="57" Y="3077"/>
        <UsageCount Value="6"/>
      </Unit4>
      <Unit5>
        <Filename Value="unit2.pas"/>
        <IsPartOfProject Value="True"/>
        <ComponentName Value="MainForm"/>
        <HasResources Value="True"/>
        <ResourceBaseClass Value="Form"/>
        <UnitName Value="Unit2"/>
        <IsVisibleTab Value="True"/>
        <TopLine Value="667"/>
        <CursorPos X="34" Y="678"/>
        <UsageCount Value="201"/>
        <Loaded Value="True"/>
        <LoadedDesigner Value="True"/>
      </Unit5>
      <Unit6>
        <Filename Value="../dcpcrypt-2.0.4.1/dcpcrypt2.pas"/>
        <TopLine Value="299"/>
        <CursorPos X="46" Y="306"/>
        <UsageCount Value="2"/>
      </Unit6>
      <Unit7>
        <Filename Value="../dcpcrypt-2.0.4.1/Hashes/dcphaval.pas"/>
        <TopLine Value="275"/>
        <CursorPos X="54" Y="299"/>
        <UsageCount Value="2"/>
      </Unit7>
      <Unit8>
        <Filename Value="../dcpcrypt-2.0.4.1/Hashes/dcpmd4.pas"/>
        <TopLine Value="168"/>
        <CursorPos X="52" Y="192"/>
        <UsageCount Value="2"/>
      </Unit8>
      <Unit9>
        <Filename Value="../dcpcrypt-2.0.4.1/Hashes/dcpmd5.pas"/>
        <TopLine Value="185"/>
        <CursorPos X="52" Y="209"/>
        <UsageCount Value="2"/>
      </Unit9>
      <Unit10>
        <Filename Value="../dcpcrypt-2.0.4.1/Hashes/dcpripemd128.pas"/>
        <TopLine Value="251"/>
        <CursorPos X="58" Y="275"/>
        <UsageCount Value="2"/>
      </Unit10>
      <Unit11>
        <Filename Value="../dcpcrypt-2.0.4.1/Hashes/dcpripemd160.pas"/>
        <TopLine Value="612"/>
        <CursorPos X="58" Y="636"/>
        <UsageCount Value="2"/>
      </Unit11>
      <Unit12>
        <Filename Value="../dcpcrypt-2.0.4.1/Hashes/dcpsha1.pas"/>
        <TopLine Value="204"/>
        <CursorPos X="53" Y="228"/>
        <UsageCount Value="2"/>
      </Unit12>
      <Unit13>
        <Filename Value="../dcpcrypt-2.0.4.1/Hashes/dcpsha256.pas"/>
        <TopLine Value="10"/>
        <CursorPos Y="10"/>
        <UsageCount Value="2"/>
      </Unit13>
      <Unit14>
        <Filename Value="../dcpcrypt-2.0.4.1/Hashes/dcpsha512.pas"/>
        <TopLine Value="185"/>
        <CursorPos X="59" Y="209"/>
        <UsageCount Value="2"/>
      </Unit14>
      <Unit15>
        <Filename Value="../dcpcrypt-2.0.4.1/Hashes/dcptiger.pas"/>
        <TopLine Value="231"/>
        <CursorPos X="26" Y="265"/>
        <UsageCount Value="2"/>
      </Unit15>
      <Unit16>
        <Filename Value="sha1customised.pas"/>
        <IsPartOfProject Value="True"/>
        <UnitName Value="sha1Customised"/>
        <EditorIndex Value="5"/>
        <TopLine Value="312"/>
        <CursorPos X="71" Y="335"/>
        <UsageCount Value="200"/>
        <Loaded Value="True"/>
      </Unit16>
      <Unit17>
        <Filename Value="md5customised.pas"/>
        <IsPartOfProject Value="True"/>
        <EditorIndex Value="4"/>
        <TopLine Value="646"/>
        <CursorPos X="46" Y="668"/>
        <UsageCount Value="200"/>
        <Loaded Value="True"/>
      </Unit17>
      <Unit18>
        <Filename Value="/lazarus/fpc/2.6.4/source/rtl/objpas/classes/classesh.inc"/>
        <TopLine Value="903"/>
        <CursorPos X="17" Y="928"/>
        <UsageCount Value="5"/>
      </Unit18>
      <Unit19>
        <Filename Value="/lazarus/dcpcrypt-2.0.4.1/Hashes/dcpsha512.pas"/>
        <TopLine Value="20"/>
        <CursorPos X="47" Y="42"/>
        <UsageCount Value="5"/>
      </Unit19>
      <Unit20>
        <Filename Value="/lazarus/dcpcrypt-2.0.4.1/Hashes/dcpsha256.pas"/>
        <TopLine Value="27"/>
        <CursorPos X="15" Y="49"/>
        <UsageCount Value="5"/>
      </Unit20>
      <Unit21>
        <Filename Value="/lazarus/dcpcrypt-2.0.4.1/dcpcrypt2.pas"/>
        <TopLine Value="299"/>
        <CursorPos X="62" Y="325"/>
        <UsageCount Value="5"/>
      </Unit21>
      <Unit22>
        <Filename Value="/lazarus/dcpcrypt-2.0.4.1/Hashes/dcphaval.pas"/>
        <TopLine Value="277"/>
        <CursorPos X="54" Y="299"/>
        <UsageCount Value="4"/>
      </Unit22>
      <Unit23>
        <Filename Value="/lazarus/dcpcrypt-2.0.4.1/Hashes/dcpmd4.pas"/>
        <TopLine Value="170"/>
        <CursorPos X="52" Y="192"/>
        <UsageCount Value="4"/>
      </Unit23>
      <Unit24>
        <Filename Value="/lazarus/dcpcrypt-2.0.4.1/Hashes/dcpmd5.pas"/>
        <TopLine Value="187"/>
        <CursorPos X="52" Y="209"/>
        <UsageCount Value="4"/>
      </Unit24>
      <Unit25>
        <Filename Value="/lazarus/dcpcrypt-2.0.4.1/Hashes/dcpripemd128.pas"/>
        <TopLine Value="253"/>
        <CursorPos X="58" Y="275"/>
        <UsageCount Value="4"/>
      </Unit25>
      <Unit26>
        <Filename Value="/lazarus/dcpcrypt-2.0.4.1/Hashes/dcpripemd160.pas"/>
        <TopLine Value="614"/>
        <CursorPos X="58" Y="636"/>
        <UsageCount Value="4"/>
      </Unit26>
      <Unit27>
        <Filename Value="/lazarus/dcpcrypt-2.0.4.1/Hashes/dcpsha1.pas"/>
        <TopLine Value="206"/>
        <CursorPos X="53" Y="228"/>
        <UsageCount Value="4"/>
      </Unit27>
      <Unit28>
        <Filename Value="/lazarus/dcpcrypt-2.0.4.1/Hashes/dcptiger.pas"/>
        <TopLine Value="241"/>
        <CursorPos X="131" Y="248"/>
        <UsageCount Value="4"/>
      </Unit28>
      <Unit29>
        <Filename Value="dcpcrypt-2.0.4.1-QWordVer/Hashes/dcpsha256.pas"/>
        <TopLine Value="201"/>
        <CursorPos X="55" Y="231"/>
        <UsageCount Value="5"/>
      </Unit29>
      <Unit30>
        <Filename Value="DiskModule/diskmoduleunit1.lfm"/>
        <EditorIndex Value="8"/>
        <UsageCount Value="33"/>
        <Loaded Value="True"/>
        <DefaultSyntaxHighlighter Value="LFM"/>
      </Unit30>
      <Unit31>
        <Filename Value="DiskModule/diskmoduleunit1.pas"/>
        <IsPartOfProject Value="True"/>
        <ComponentName Value="frmDiskHashingModule"/>
        <HasResources Value="True"/>
        <ResourceBaseClass Value="Form"/>
        <UnitName Value="DiskModuleUnit1"/>
        <EditorIndex Value="7"/>
        <TopLine Value="101"/>
        <CursorPos X="20" Y="107"/>
        <UsageCount Value="205"/>
        <Loaded Value="True"/>
        <LoadedDesigner Value="True"/>
      </Unit31>
      <Unit32>
        <Filename Value="/lazarus/fpc/2.6.4/source/rtl/objpas/dateutil.inc"/>
        <TopLine Value="236"/>
        <CursorPos X="10" Y="262"/>
        <UsageCount Value="7"/>
      </Unit32>
      <Unit33>
        <Filename Value="DiskModule/sha1customised.pas"/>
        <TopLine Value="10"/>
        <CursorPos X="41" Y="267"/>
        <UsageCount Value="12"/>
      </Unit33>
      <Unit34>
        <Filename Value="/lazarus/fpc/2.6.4/source/rtl/objpas/sysutils/filutilh.inc"/>
        <TopLine Value="63"/>
        <CursorPos X="10" Y="88"/>
        <UsageCount Value="8"/>
      </Unit34>
      <Unit35>
        <Filename Value="Tmp-ScrShots/forforum.pas"/>
        <IsPartOfProject Value="True"/>
        <TopLine Value="91"/>
        <CursorPos X="79" Y="132"/>
        <UsageCount Value="203"/>
      </Unit35>
      <Unit36>
        <Filename Value="DiskModule/sha1AssemblyCustomised.pas"/>
        <TopLine Value="77"/>
        <CursorPos X="20" Y="105"/>
        <UsageCount Value="10"/>
      </Unit36>
      <Unit37>
        <Filename Value="DiskModule/SHA1Disks.pas"/>
        <CursorPos X="23" Y="66"/>
        <UsageCount Value="1"/>
      </Unit37>
      <Unit38>
        <Filename Value="sha1transform-AssemblyCode.pas"/>
        <CursorPos X="10" Y="2"/>
        <UsageCount Value="3"/>
      </Unit38>
      <Unit39>
        <Filename Value="/lazarus/fpc/2.6.4/source/rtl/objpas/types.pp"/>
        <TopLine Value="105"/>
        <UsageCount Value="2"/>
      </Unit39>
      <Unit40>
        <Filename Value="MD5TransformEnhancedAssemblyCode.pas"/>
        <CursorPos Y="2"/>
        <UsageCount Value="10"/>
      </Unit40>
      <Unit41>
        <Filename Value="findallfilesenhancedunit.pas"/>
        <IsPartOfProject Value="True"/>
        <CursorPos X="43" Y="15"/>
        <UsageCount Value="130"/>
      </Unit41>
      <Unit42>
        <Filename Value="FindAllFilesEnhanced.pas"/>
        <EditorIndex Value="3"/>
        <TopLine Value="24"/>
        <CursorPos Y="52"/>
        <UsageCount Value="57"/>
        <Loaded Value="True"/>
      </Unit42>
      <Unit43>
        <Filename Value="/usr/share/lazarus/1.2.6/lcl/include/control.inc"/>
        <TopLine Value="2698"/>
        <CursorPos Y="2722"/>
        <UsageCount Value="15"/>
      </Unit43>
      <Unit44>
        <Filename Value="/usr/share/lazarus/1.2.6/lcl/grids.pas"/>
        <TopLine Value="8911"/>
        <CursorPos Y="8927"/>
        <UsageCount Value="11"/>
      </Unit44>
      <Unit45>
        <Filename Value="/usr/share/lazarus/1.2.6/components/lazutils/fileutil.pas"/>
        <TopLine Value="141"/>
        <CursorPos X="5" Y="165"/>
        <UsageCount Value="15"/>
      </Unit45>
      <Unit46>
        <Filename Value="/lazarus/components/lazutils/fileutil.pas"/>
        <TopLine Value="154"/>
        <CursorPos X="3" Y="191"/>
        <UsageCount Value="6"/>
      </Unit46>
      <Unit47>
        <Filename Value="/usr/share/lazarus/1.2.6/lcl/include/customcheckbox.inc"/>
        <TopLine Value="104"/>
        <CursorPos Y="117"/>
        <UsageCount Value="7"/>
      </Unit47>
      <Unit48>
        <Filename Value="/usr/share/lazarus/1.2.6/lcl/include/wincontrol.inc"/>
        <TopLine Value="6341"/>
        <CursorPos Y="6356"/>
        <UsageCount Value="7"/>
      </Unit48>
      <Unit49>
        <Filename Value="/usr/share/lazarus/1.2.6/lcl/interfaces/gtk2/gtk2wsstdctrls.pp"/>
        <TopLine Value="927"/>
        <CursorPos Y="949"/>
        <UsageCount Value="7"/>
      </Unit49>
      <Unit50>
        <Filename Value="/usr/share/lazarus/1.2.6/components/lazutils/fileutil.inc"/>
        <TopLine Value="1128"/>
        <CursorPos Y="1143"/>
        <UsageCount Value="7"/>
      </Unit50>
      <Unit51>
        <Filename Value="/usr/share/lazarus/1.2.6/components/lazutils/masks.pas"/>
        <TopLine Value="515"/>
        <CursorPos Y="528"/>
        <UsageCount Value="7"/>
      </Unit51>
      <Unit52>
        <Filename Value="/usr/share/lazarus/1.2.6/components/lazutils/lazutf8.pas"/>
        <TopLine Value="294"/>
        <CursorPos Y="299"/>
        <UsageCount Value="7"/>
      </Unit52>
      <Unit53>
        <Filename Value="unit2.lrs"/>
        <CursorPos X="868" Y="383"/>
        <UsageCount Value="6"/>
      </Unit53>
      <Unit54>
        <Filename Value="/lazarus/lcl/grids.pas"/>
        <TopLine Value="10446"/>
        <CursorPos X="22" Y="10477"/>
        <UsageCount Value="6"/>
      </Unit54>
      <Unit55>
        <Filename Value="udisplaygrid.pas"/>
        <IsPartOfProject Value="True"/>
        <ComponentName Value="frmDisplayGrid1"/>
        <HasResources Value="True"/>
        <ResourceBaseClass Value="Form"/>
        <UnitName Value="uDisplayGrid"/>
        <EditorIndex Value="2"/>
        <TopLine Value="13"/>
        <CursorPos X="3" Y="30"/>
        <UsageCount Value="64"/>
        <Loaded Value="True"/>
        <LoadedDesigner Value="True"/>
      </Unit55>
      <Unit56>
        <Filename Value="/lazarus/fpc/2.6.4/source/rtl/inc/wstringh.inc"/>
        <EditorIndex Value="-1"/>
        <TopLine Value="7"/>
        <CursorPos X="10" Y="24"/>
        <UsageCount Value="16"/>
      </Unit56>
      <Unit57>
        <Filename Value="/lazarus/fpc/2.6.4/source/rtl/inc/wstrings.inc"/>
        <EditorIndex Value="-1"/>
        <TopLine Value="922"/>
        <CursorPos X="5" Y="947"/>
        <UsageCount Value="16"/>
      </Unit57>
      <Unit58>
        <Filename Value="/lazarus/fpc/2.6.4/source/rtl/objpas/sysutils/sysstrh.inc"/>
        <EditorIndex Value="-1"/>
        <TopLine Value="201"/>
        <CursorPos X="15" Y="218"/>
        <UsageCount Value="15"/>
      </Unit58>
      <Unit59>
        <Filename Value="/lazarus/fpc/2.6.4/source/rtl/objpas/sysutils/sysstr.inc"/>
        <EditorIndex Value="-1"/>
        <TopLine Value="2620"/>
        <CursorPos X="15" Y="2645"/>
        <UsageCount Value="15"/>
      </Unit59>
      <Unit60>
        <Filename Value="/lazarus/components/lazutils/fileutil.inc"/>
        <EditorIndex Value="-1"/>
        <TopLine Value="91"/>
        <CursorPos X="35" Y="93"/>
        <UsageCount Value="13"/>
      </Unit60>
      <Unit61>
        <Filename Value="/lazarus/components/lazutils/lazfileutils.pas"/>
        <UnitName Value="LazFileUtils"/>
        <EditorIndex Value="-1"/>
        <TopLine Value="77"/>
        <CursorPos X="11" Y="98"/>
        <UsageCount Value="13"/>
      </Unit61>
      <Unit62>
        <Filename Value="/lazarus/components/lazutils/winlazfileutils.inc"/>
        <EditorIndex Value="-1"/>
        <CursorPos X="14" Y="8"/>
        <UsageCount Value="13"/>
      </Unit62>
      <Unit63>
        <Filename Value="/usr/share/lazarus/1.4.4/components/lazutils/fileutil.pas"/>
        <UnitName Value="FileUtil"/>
        <EditorIndex Value="-1"/>
        <TopLine Value="159"/>
        <CursorPos X="15" Y="170"/>
        <UsageCount Value="12"/>
      </Unit63>
      <Unit64>
        <Filename Value="../../../../../../../lazarus/fpc/2.6.4/source/rtl/win/wininc/struct.inc"/>
        <EditorIndex Value="1"/>
        <TopLine Value="4238"/>
        <CursorPos X="18" Y="4535"/>
        <UsageCount Value="11"/>
        <Loaded Value="True"/>
      </Unit64>
    </Units>
    <JumpHistory Count="29" HistoryIndex="28">
      <Position1>
        <Filename Value="unit2.pas"/>
        <Caret Line="292" Column="54" TopLine="278"/>
      </Position1>
      <Position2>
        <Filename Value="unit2.pas"/>
        <Caret Line="700" Column="11" TopLine="667"/>
      </Position2>
      <Position3>
        <Filename Value="unit2.pas"/>
        <Caret Line="289" Column="25" TopLine="273"/>
      </Position3>
      <Position4>
        <Filename Value="unit2.pas"/>
        <Caret Line="694" Column="42" TopLine="672"/>
      </Position4>
      <Position5>
        <Filename Value="unit2.pas"/>
        <Caret Line="695" Column="12" TopLine="678"/>
      </Position5>
      <Position6>
        <Filename Value="unit2.pas"/>
        <Caret Line="696" Column="26" TopLine="678"/>
      </Position6>
      <Position7>
        <Filename Value="unit2.pas"/>
        <Caret Line="325" TopLine="316"/>
      </Position7>
      <Position8>
        <Filename Value="unit2.pas"/>
        <Caret Line="713" Column="5" TopLine="687"/>
      </Position8>
      <Position9>
        <Filename Value="unit2.pas"/>
        <Caret Line="369" TopLine="347"/>
      </Position9>
      <Position10>
        <Filename Value="unit2.pas"/>
        <Caret Line="720" Column="89" TopLine="699"/>
      </Position10>
      <Position11>
        <Filename Value="unit2.pas"/>
        <Caret Line="722" Column="27" TopLine="703"/>
      </Position11>
      <Position12>
        <Filename Value="unit2.pas"/>
        <Caret Line="723" Column="27" TopLine="704"/>
      </Position12>
      <Position13>
        <Filename Value="unit2.pas"/>
        <Caret Line="724" Column="27" TopLine="705"/>
      </Position13>
      <Position14>
        <Filename Value="unit2.pas"/>
        <Caret Line="311" Column="23" TopLine="295"/>
      </Position14>
      <Position15>
        <Filename Value="unit2.pas"/>
        <Caret Line="439" Column="32" TopLine="411"/>
      </Position15>
      <Position16>
        <Filename Value="unit2.pas"/>
        <Caret Line="723" Column="42" TopLine="697"/>
      </Position16>
      <Position17>
        <Filename Value="unit2.pas"/>
        <Caret Line="716" Column="28" TopLine="698"/>
      </Position17>
      <Position18>
        <Filename Value="unit2.pas"/>
        <Caret Line="312" Column="26" TopLine="296"/>
      </Position18>
      <Position19>
        <Filename Value="unit2.pas"/>
        <Caret Line="440" Column="35" TopLine="412"/>
      </Position19>
      <Position20>
        <Filename Value="unit2.pas"/>
        <Caret Line="313" Column="5" TopLine="298"/>
      </Position20>
      <Position21>
        <Filename Value="unit2.pas"/>
        <Caret Line="717" Column="34" TopLine="708"/>
      </Position21>
      <Position22>
        <Filename Value="unit2.pas"/>
        <Caret Line="314" Column="66" TopLine="297"/>
      </Position22>
      <Position23>
        <Filename Value="unit2.pas"/>
        <Caret Line="715" Column="11" TopLine="690"/>
      </Position23>
      <Position24>
        <Filename Value="unit2.pas"/>
        <Caret Line="3027" TopLine="3003"/>
      </Position24>
      <Position25>
        <Filename Value="unit2.pas"/>
        <Caret Line="320" Column="40" TopLine="298"/>
      </Position25>
      <Position26>
        <Filename Value="unit2.pas"/>
        <Caret Line="312" Column="26" TopLine="298"/>
      </Position26>
      <Position27>
        <Filename Value="unit2.pas"/>
        <Caret Line="440" Column="26" TopLine="412"/>
      </Position27>
      <Position28>
        <Filename Value="unit2.pas"/>
        <Caret Line="312" Column="26" TopLine="296"/>
      </Position28>
      <Position29>
        <Filename Value="unit2.pas"/>
        <Caret Line="440" Column="35" TopLine="412"/>
      </Position29>
    </JumpHistory>
  </ProjectOptions>
  <CompilerOptions>
    <Version Value="11"/>
    <SearchPaths>
      <IncludeFiles Value="$(ProjOutDir)"/>
      <OtherUnitFiles Value="DiskModule"/>
    </SearchPaths>
    <Parsing>
      <SyntaxOptions>
        <UseAnsiStrings Value="False"/>
      </SyntaxOptions>
    </Parsing>
    <CodeGeneration>
      <Optimizations>
        <OptimizationLevel Value="3"/>
      </Optimizations>
    </CodeGeneration>
    <Linking>
      <Debugging>
        <GenerateDebugInfo Value="False"/>
        <DebugInfoType Value="dsDwarf2Set"/>
        <StripSymbols Value="True"/>
      </Debugging>
      <Options>
        <Win32>
          <GraphicApplication Value="True"/>
        </Win32>
      </Options>
    </Linking>
    <Other>
      <CustomOptions Value="-OoREGVAR
-OoPEEPHOLE"/>
    </Other>
  </CompilerOptions>
  <Debugging>
    <Exceptions Count="3">
      <Item1>
        <Name Value="EAbort"/>
      </Item1>
      <Item2>
        <Name Value="ECodetoolError"/>
      </Item2>
      <Item3>
        <Name Value="EFOpenError"/>
      </Item3>
    </Exceptions>
  </Debugging>
</CONFIG>
