<?xml version="1.0" encoding="UTF-8"?>
<CONFIG>
  <ProjectOptions>
    <Version Value="9"/>
    <General>
      <MainUnit Value="0"/>
      <Title Value="Quick Hash"/>
      <XPManifest>
        <ExecutionLevel Value="1"/>
      </XPManifest>
      <Icon Value="0"/>
    </General>
    <i18n>
      <OutDir Value="languages"/>
    </i18n>
    <VersionInfo>
      <UseVersionInfo Value="True"/>
      <AutoIncrementBuild Value="True"/>
      <MajorVersionNr Value="2"/>
      <MinorVersionNr Value="6"/>
      <RevisionNr Value="2"/>
      <BuildNr Value="3"/>
      <Language Value="0809"/>
      <StringTable Comments="Free, cross platform, open-source file and disk hashing software" CompanyName="Ted Smith (Ted Technology on Sourceforge)" FileDescription="File hashing GUI for Linux &amp; Windows" LegalCopyright="2011 - 2015 (c) Ted Smith" ProductName="QuickHash" ProductVersion="2.6.2.b"/>
    </VersionInfo>
    <BuildModes Count="1">
      <Item1 Name="default" Default="True"/>
    </BuildModes>
    <PublishOptions>
      <Version Value="2"/>
      <DestinationDirectory Value="C:/Temp/src"/>
      <IncludeFileFilter Value="*.(pas|pp|inc|lfm|lpr|lrs|lpi|lpk|sh|xml)"/>
      <ExcludeFileFilter Value="*.(bak|ppu|ppw|o|so);*~;backup"/>
    </PublishOptions>
    <RunParams>
      <local>
        <FormatVersion Value="1"/>
        <LaunchingApplication PathPlusParams="/usr/X11R6/bin/xterm -T 'Lazarus Run Output' -e $(LazarusDir)/tools/runwait.sh $(TargetCmdLine)"/>
      </local>
    </RunParams>
    <RequiredPackages Count="2">
      <Item1>
        <PackageName Value="dcpcrypt"/>
      </Item1>
      <Item2>
        <PackageName Value="LCL"/>
      </Item2>
    </RequiredPackages>
    <Units Count="56">
      <Unit0>
        <Filename Value="project1.lpr"/>
        <IsPartOfProject Value="True"/>
        <EditorIndex Value="4"/>
        <CursorPos Y="23"/>
        <UsageCount Value="200"/>
        <Loaded Value="True"/>
      </Unit0>
      <Unit1>
        <Filename Value="unit1.pas"/>
        <ComponentName Value="Form1"/>
        <HasResources Value="True"/>
        <ResourceBaseClass Value="Form"/>
        <TopLine Value="1353"/>
        <CursorPos X="25" Y="777"/>
        <UsageCount Value="182"/>
      </Unit1>
      <Unit2>
        <Filename Value="../../../lazarus/lcl/grids.pas"/>
        <TopLine Value="1081"/>
        <CursorPos X="22" Y="1106"/>
        <UsageCount Value="279"/>
      </Unit2>
      <Unit3>
        <Filename Value="../AmazonUtil/unit1.pas"/>
        <TopLine Value="210"/>
        <CursorPos X="7" Y="240"/>
        <UsageCount Value="276"/>
      </Unit3>
      <Unit4>
        <Filename Value="../RoastLamb - Alpha 8.0 - Distributed 12-11-29/unit1.pas"/>
        <TopLine Value="3047"/>
        <CursorPos X="57" Y="3077"/>
        <UsageCount Value="8"/>
      </Unit4>
      <Unit5>
        <Filename Value="unit2.pas"/>
        <IsPartOfProject Value="True"/>
        <ComponentName Value="MainForm"/>
        <HasResources Value="True"/>
        <ResourceBaseClass Value="Form"/>
        <UnitName Value="Unit2"/>
        <IsVisibleTab Value="True"/>
        <TopLine Value="1761"/>
        <CursorPos X="49" Y="1774"/>
        <UsageCount Value="201"/>
        <Loaded Value="True"/>
        <LoadedDesigner Value="True"/>
      </Unit5>
      <Unit6>
        <Filename Value="../dcpcrypt-2.0.4.1/dcpcrypt2.pas"/>
        <TopLine Value="299"/>
        <CursorPos X="46" Y="306"/>
        <UsageCount Value="4"/>
      </Unit6>
      <Unit7>
        <Filename Value="../dcpcrypt-2.0.4.1/Hashes/dcphaval.pas"/>
        <TopLine Value="275"/>
        <CursorPos X="54" Y="299"/>
        <UsageCount Value="4"/>
      </Unit7>
      <Unit8>
        <Filename Value="../dcpcrypt-2.0.4.1/Hashes/dcpmd4.pas"/>
        <TopLine Value="168"/>
        <CursorPos X="52" Y="192"/>
        <UsageCount Value="4"/>
      </Unit8>
      <Unit9>
        <Filename Value="../dcpcrypt-2.0.4.1/Hashes/dcpmd5.pas"/>
        <TopLine Value="185"/>
        <CursorPos X="52" Y="209"/>
        <UsageCount Value="4"/>
      </Unit9>
      <Unit10>
        <Filename Value="../dcpcrypt-2.0.4.1/Hashes/dcpripemd128.pas"/>
        <TopLine Value="251"/>
        <CursorPos X="58" Y="275"/>
        <UsageCount Value="4"/>
      </Unit10>
      <Unit11>
        <Filename Value="../dcpcrypt-2.0.4.1/Hashes/dcpripemd160.pas"/>
        <TopLine Value="612"/>
        <CursorPos X="58" Y="636"/>
        <UsageCount Value="4"/>
      </Unit11>
      <Unit12>
        <Filename Value="../dcpcrypt-2.0.4.1/Hashes/dcpsha1.pas"/>
        <TopLine Value="204"/>
        <CursorPos X="53" Y="228"/>
        <UsageCount Value="4"/>
      </Unit12>
      <Unit13>
        <Filename Value="../dcpcrypt-2.0.4.1/Hashes/dcpsha256.pas"/>
        <TopLine Value="10"/>
        <CursorPos Y="10"/>
        <UsageCount Value="4"/>
      </Unit13>
      <Unit14>
        <Filename Value="../dcpcrypt-2.0.4.1/Hashes/dcpsha512.pas"/>
        <TopLine Value="185"/>
        <CursorPos X="59" Y="209"/>
        <UsageCount Value="4"/>
      </Unit14>
      <Unit15>
        <Filename Value="../dcpcrypt-2.0.4.1/Hashes/dcptiger.pas"/>
        <TopLine Value="231"/>
        <CursorPos X="26" Y="265"/>
        <UsageCount Value="4"/>
      </Unit15>
      <Unit16>
        <Filename Value="sha1customised.pas"/>
        <IsPartOfProject Value="True"/>
        <UnitName Value="sha1Customised"/>
        <EditorIndex Value="3"/>
        <TopLine Value="295"/>
        <CursorPos Y="314"/>
        <UsageCount Value="185"/>
        <Loaded Value="True"/>
      </Unit16>
      <Unit17>
        <Filename Value="md5customised.pas"/>
        <IsPartOfProject Value="True"/>
        <UnitName Value="md5customised"/>
        <EditorIndex Value="2"/>
        <TopLine Value="32"/>
        <CursorPos X="5" Y="362"/>
        <UsageCount Value="200"/>
        <Loaded Value="True"/>
      </Unit17>
      <Unit18>
        <Filename Value="/lazarus/fpc/2.6.4/source/rtl/objpas/classes/classesh.inc"/>
        <TopLine Value="903"/>
        <CursorPos X="17" Y="928"/>
        <UsageCount Value="7"/>
      </Unit18>
      <Unit19>
        <Filename Value="/lazarus/dcpcrypt-2.0.4.1/Hashes/dcpsha512.pas"/>
        <TopLine Value="20"/>
        <CursorPos X="47" Y="42"/>
        <UsageCount Value="7"/>
      </Unit19>
      <Unit20>
        <Filename Value="/lazarus/dcpcrypt-2.0.4.1/Hashes/dcpsha256.pas"/>
        <TopLine Value="27"/>
        <CursorPos X="15" Y="49"/>
        <UsageCount Value="7"/>
      </Unit20>
      <Unit21>
        <Filename Value="/lazarus/dcpcrypt-2.0.4.1/dcpcrypt2.pas"/>
        <TopLine Value="299"/>
        <CursorPos X="62" Y="325"/>
        <UsageCount Value="7"/>
      </Unit21>
      <Unit22>
        <Filename Value="/lazarus/dcpcrypt-2.0.4.1/Hashes/dcphaval.pas"/>
        <TopLine Value="277"/>
        <CursorPos X="54" Y="299"/>
        <UsageCount Value="6"/>
      </Unit22>
      <Unit23>
        <Filename Value="/lazarus/dcpcrypt-2.0.4.1/Hashes/dcpmd4.pas"/>
        <TopLine Value="170"/>
        <CursorPos X="52" Y="192"/>
        <UsageCount Value="6"/>
      </Unit23>
      <Unit24>
        <Filename Value="/lazarus/dcpcrypt-2.0.4.1/Hashes/dcpmd5.pas"/>
        <TopLine Value="187"/>
        <CursorPos X="52" Y="209"/>
        <UsageCount Value="6"/>
      </Unit24>
      <Unit25>
        <Filename Value="/lazarus/dcpcrypt-2.0.4.1/Hashes/dcpripemd128.pas"/>
        <TopLine Value="253"/>
        <CursorPos X="58" Y="275"/>
        <UsageCount Value="6"/>
      </Unit25>
      <Unit26>
        <Filename Value="/lazarus/dcpcrypt-2.0.4.1/Hashes/dcpripemd160.pas"/>
        <TopLine Value="614"/>
        <CursorPos X="58" Y="636"/>
        <UsageCount Value="6"/>
      </Unit26>
      <Unit27>
        <Filename Value="/lazarus/dcpcrypt-2.0.4.1/Hashes/dcpsha1.pas"/>
        <TopLine Value="206"/>
        <CursorPos X="53" Y="228"/>
        <UsageCount Value="6"/>
      </Unit27>
      <Unit28>
        <Filename Value="/lazarus/dcpcrypt-2.0.4.1/Hashes/dcptiger.pas"/>
        <TopLine Value="241"/>
        <CursorPos X="131" Y="248"/>
        <UsageCount Value="6"/>
      </Unit28>
      <Unit29>
        <Filename Value="dcpcrypt-2.0.4.1-QWordVer/Hashes/dcpsha256.pas"/>
        <TopLine Value="201"/>
        <CursorPos X="55" Y="231"/>
        <UsageCount Value="7"/>
      </Unit29>
      <Unit30>
        <Filename Value="DiskModule/diskmoduleunit1.lfm"/>
        <EditorIndex Value="6"/>
        <UsageCount Value="14"/>
        <Loaded Value="True"/>
        <DefaultSyntaxHighlighter Value="LFM"/>
      </Unit30>
      <Unit31>
        <Filename Value="DiskModule/diskmoduleunit1.pas"/>
        <IsPartOfProject Value="True"/>
        <ComponentName Value="frmDiskHashingModule"/>
        <HasResources Value="True"/>
        <ResourceBaseClass Value="Form"/>
        <UnitName Value="DiskModuleUnit1"/>
        <EditorIndex Value="5"/>
        <TopLine Value="21"/>
        <CursorPos X="18" Y="37"/>
        <UsageCount Value="205"/>
        <Loaded Value="True"/>
        <LoadedDesigner Value="True"/>
      </Unit31>
      <Unit32>
        <Filename Value="/lazarus/fpc/2.6.4/source/rtl/objpas/dateutil.inc"/>
        <TopLine Value="236"/>
        <CursorPos X="10" Y="262"/>
        <UsageCount Value="9"/>
      </Unit32>
      <Unit33>
        <Filename Value="DiskModule/sha1customised.pas"/>
        <TopLine Value="10"/>
        <CursorPos X="41" Y="267"/>
        <UsageCount Value="14"/>
      </Unit33>
      <Unit34>
        <Filename Value="/lazarus/fpc/2.6.4/source/rtl/objpas/sysutils/filutilh.inc"/>
        <TopLine Value="63"/>
        <CursorPos X="10" Y="88"/>
        <UsageCount Value="10"/>
      </Unit34>
      <Unit35>
        <Filename Value="Tmp-ScrShots/forforum.pas"/>
        <IsPartOfProject Value="True"/>
        <TopLine Value="91"/>
        <CursorPos X="79" Y="132"/>
        <UsageCount Value="203"/>
      </Unit35>
      <Unit36>
        <Filename Value="DiskModule/sha1AssemblyCustomised.pas"/>
        <TopLine Value="77"/>
        <CursorPos X="20" Y="105"/>
        <UsageCount Value="2"/>
      </Unit36>
      <Unit37>
        <Filename Value="DiskModule/sha1ForDisks.pas"/>
        <TopLine Value="229"/>
        <CursorPos X="7" Y="261"/>
        <UsageCount Value="1"/>
      </Unit37>
      <Unit38>
        <Filename Value="DiskModule/SHA1Disks.pas"/>
        <CursorPos X="23" Y="66"/>
        <UsageCount Value="3"/>
      </Unit38>
      <Unit39>
        <Filename Value="sha1transform-AssemblyCode.pas"/>
        <CursorPos X="10" Y="2"/>
        <UsageCount Value="5"/>
      </Unit39>
      <Unit40>
        <Filename Value="/lazarus/fpc/2.6.4/source/rtl/objpas/types.pp"/>
        <TopLine Value="105"/>
        <UsageCount Value="4"/>
      </Unit40>
      <Unit41>
        <Filename Value="MD5TransformEnhancedAssemblyCode.pas"/>
        <CursorPos Y="2"/>
        <UsageCount Value="2"/>
      </Unit41>
      <Unit42>
        <Filename Value="findallfilesenhancedunit.pas"/>
        <IsPartOfProject Value="True"/>
        <CursorPos X="43" Y="15"/>
        <UsageCount Value="84"/>
      </Unit42>
      <Unit43>
        <Filename Value="FindAllFilesEnhanced.pas"/>
        <UnitName Value="FindAllFilesEnhanced"/>
        <EditorIndex Value="1"/>
        <TopLine Value="17"/>
        <CursorPos X="23" Y="35"/>
        <UsageCount Value="38"/>
        <Loaded Value="True"/>
      </Unit43>
      <Unit44>
        <Filename Value="/usr/share/lazarus/1.2.6/lcl/include/control.inc"/>
        <TopLine Value="2698"/>
        <CursorPos Y="2722"/>
        <UsageCount Value="17"/>
      </Unit44>
      <Unit45>
        <Filename Value="/usr/share/lazarus/1.2.6/lcl/grids.pas"/>
        <TopLine Value="8911"/>
        <CursorPos Y="8927"/>
        <UsageCount Value="13"/>
      </Unit45>
      <Unit46>
        <Filename Value="/usr/share/lazarus/1.2.6/components/lazutils/fileutil.pas"/>
        <TopLine Value="141"/>
        <CursorPos X="5" Y="165"/>
        <UsageCount Value="17"/>
      </Unit46>
      <Unit47>
        <Filename Value="/lazarus/components/lazutils/fileutil.pas"/>
        <TopLine Value="154"/>
        <CursorPos X="3" Y="191"/>
        <UsageCount Value="8"/>
      </Unit47>
      <Unit48>
        <Filename Value="/usr/share/lazarus/1.2.6/lcl/include/customcheckbox.inc"/>
        <TopLine Value="104"/>
        <CursorPos Y="117"/>
        <UsageCount Value="9"/>
      </Unit48>
      <Unit49>
        <Filename Value="/usr/share/lazarus/1.2.6/lcl/include/wincontrol.inc"/>
        <TopLine Value="6341"/>
        <CursorPos Y="6356"/>
        <UsageCount Value="9"/>
      </Unit49>
      <Unit50>
        <Filename Value="/usr/share/lazarus/1.2.6/lcl/interfaces/gtk2/gtk2wsstdctrls.pp"/>
        <TopLine Value="927"/>
        <CursorPos Y="949"/>
        <UsageCount Value="9"/>
      </Unit50>
      <Unit51>
        <Filename Value="/usr/share/lazarus/1.2.6/components/lazutils/fileutil.inc"/>
        <TopLine Value="1128"/>
        <CursorPos Y="1143"/>
        <UsageCount Value="9"/>
      </Unit51>
      <Unit52>
        <Filename Value="/usr/share/lazarus/1.2.6/components/lazutils/masks.pas"/>
        <TopLine Value="515"/>
        <CursorPos Y="528"/>
        <UsageCount Value="9"/>
      </Unit52>
      <Unit53>
        <Filename Value="/usr/share/lazarus/1.2.6/components/lazutils/lazutf8.pas"/>
        <TopLine Value="294"/>
        <CursorPos Y="299"/>
        <UsageCount Value="9"/>
      </Unit53>
      <Unit54>
        <Filename Value="unit2.lrs"/>
        <CursorPos X="868" Y="383"/>
        <UsageCount Value="8"/>
      </Unit54>
      <Unit55>
        <Filename Value="/lazarus/lcl/grids.pas"/>
        <TopLine Value="10446"/>
        <CursorPos X="22" Y="10477"/>
        <UsageCount Value="8"/>
      </Unit55>
    </Units>
    <JumpHistory Count="30" HistoryIndex="29">
      <Position1>
        <Filename Value="unit2.pas"/>
        <Caret Line="901" Column="30" TopLine="877"/>
      </Position1>
      <Position2>
        <Filename Value="unit2.pas"/>
        <Caret Line="902" Column="30" TopLine="878"/>
      </Position2>
      <Position3>
        <Filename Value="unit2.pas"/>
        <Caret Line="903" Column="30" TopLine="879"/>
      </Position3>
      <Position4>
        <Filename Value="unit2.pas"/>
        <Caret Line="904" Column="30" TopLine="880"/>
      </Position4>
      <Position5>
        <Filename Value="unit2.pas"/>
        <Caret Line="905" Column="30" TopLine="881"/>
      </Position5>
      <Position6>
        <Filename Value="unit2.pas"/>
        <Caret Line="906" Column="30" TopLine="882"/>
      </Position6>
      <Position7>
        <Filename Value="unit2.pas"/>
        <Caret Line="907" Column="30" TopLine="883"/>
      </Position7>
      <Position8>
        <Filename Value="unit2.pas"/>
        <Caret Line="908" Column="30" TopLine="884"/>
      </Position8>
      <Position9>
        <Filename Value="unit2.pas"/>
        <Caret Line="909" Column="30" TopLine="885"/>
      </Position9>
      <Position10>
        <Filename Value="unit2.pas"/>
        <Caret Line="910" Column="30" TopLine="886"/>
      </Position10>
      <Position11>
        <Filename Value="unit2.pas"/>
        <Caret Line="911" Column="30" TopLine="887"/>
      </Position11>
      <Position12>
        <Filename Value="unit2.pas"/>
        <Caret Line="912" Column="30" TopLine="888"/>
      </Position12>
      <Position13>
        <Filename Value="unit2.pas"/>
        <Caret Line="107" Column="16" TopLine="94"/>
      </Position13>
      <Position14>
        <Filename Value="unit2.pas"/>
        <Caret Line="53" Column="33" TopLine="41"/>
      </Position14>
      <Position15>
        <Filename Value="unit2.pas"/>
        <Caret Line="106" Column="38" TopLine="83"/>
      </Position15>
      <Position16>
        <Filename Value="unit2.pas"/>
        <Caret Line="257" Column="61" TopLine="236"/>
      </Position16>
      <Position17>
        <Filename Value="unit2.pas"/>
        <Caret Line="258" Column="38" TopLine="236"/>
      </Position17>
      <Position18>
        <Filename Value="unit2.pas"/>
        <Caret Line="355" Column="28" TopLine="331"/>
      </Position18>
      <Position19>
        <Filename Value="unit2.pas"/>
        <Caret Line="367" Column="28" TopLine="344"/>
      </Position19>
      <Position20>
        <Filename Value="unit2.pas"/>
        <Caret Line="904" Column="44" TopLine="876"/>
      </Position20>
      <Position21>
        <Filename Value="unit2.pas"/>
        <Caret Line="258" Column="43" TopLine="245"/>
      </Position21>
      <Position22>
        <Filename Value="unit2.pas"/>
        <Caret Line="904" Column="30" TopLine="891"/>
      </Position22>
      <Position23>
        <Filename Value="unit2.pas"/>
        <Caret Line="106" Column="28" TopLine="93"/>
      </Position23>
      <Position24>
        <Filename Value="unit2.pas"/>
        <Caret Line="258" Column="38" TopLine="235"/>
      </Position24>
      <Position25>
        <Filename Value="unit2.pas"/>
        <Caret Line="354" Column="26" TopLine="331"/>
      </Position25>
      <Position26>
        <Filename Value="unit2.pas"/>
        <Caret Line="367" Column="28" TopLine="344"/>
      </Position26>
      <Position27>
        <Filename Value="DiskModule/diskmoduleunit1.pas"/>
        <Caret Line="116" Column="29" TopLine="106"/>
      </Position27>
      <Position28>
        <Filename Value="unit2.pas"/>
        <Caret Line="883" Column="23" TopLine="865"/>
      </Position28>
      <Position29>
        <Filename Value="DiskModule/diskmoduleunit1.pas"/>
        <Caret Line="31" Column="58" TopLine="18"/>
      </Position29>
      <Position30>
        <Filename Value="DiskModule/diskmoduleunit1.pas"/>
        <Caret Line="35" Column="13" TopLine="23"/>
      </Position30>
    </JumpHistory>
  </ProjectOptions>
  <CompilerOptions>
    <Version Value="11"/>
    <SearchPaths>
      <IncludeFiles Value="$(ProjOutDir)"/>
      <OtherUnitFiles Value="DiskModule"/>
    </SearchPaths>
    <Parsing>
      <SyntaxOptions>
        <UseAnsiStrings Value="False"/>
      </SyntaxOptions>
    </Parsing>
    <CodeGeneration>
      <Optimizations>
        <OptimizationLevel Value="3"/>
      </Optimizations>
    </CodeGeneration>
    <Linking>
      <Debugging>
        <GenerateDebugInfo Value="False"/>
        <DebugInfoType Value="dsDwarf2Set"/>
        <StripSymbols Value="True"/>
      </Debugging>
      <Options>
        <Win32>
          <GraphicApplication Value="True"/>
        </Win32>
      </Options>
    </Linking>
    <Other>
      <CustomOptions Value="-OoREGVAR
-OoPEEPHOLE"/>
    </Other>
  </CompilerOptions>
  <Debugging>
    <Exceptions Count="3">
      <Item1>
        <Name Value="EAbort"/>
      </Item1>
      <Item2>
        <Name Value="ECodetoolError"/>
      </Item2>
      <Item3>
        <Name Value="EFOpenError"/>
      </Item3>
    </Exceptions>
  </Debugging>
</CONFIG>
