<?xml version="1.0" encoding="UTF-8"?>
<CONFIG>
  <ProjectOptions>
    <Version Value="11"/>
    <General>
      <MainUnit Value="0"/>
      <Title Value="QuickHash"/>
      <Icon Value="0"/>
    </General>
    <i18n>
      <OutDir Value="languages"/>
    </i18n>
    <VersionInfo>
      <UseVersionInfo Value="True"/>
      <AutoIncrementBuild Value="True"/>
      <MajorVersionNr Value="3"/>
      <RevisionNr Value="4"/>
      <BuildNr Value="1"/>
      <Language Value="0809"/>
      <StringTable Comments="Free, cross platform, open-source file and disk hashing software" CompanyName="Ted Smith (Ted Technology on Sourceforge)" FileDescription="File hashing GUI for Linux &amp; Windows" LegalCopyright="2011 - 2019 (c) Ted Smith" ProductName="QuickHash (www.quickhash-gui.org)" ProductVersion="3.0.4.0"/>
    </VersionInfo>
    <BuildModes Count="1">
      <Item1 Name="default" Default="True"/>
    </BuildModes>
    <PublishOptions>
      <Version Value="2"/>
      <DestinationDirectory Value="C:/tmp/src"/>
    </PublishOptions>
    <RunParams>
      <FormatVersion Value="2"/>
      <Modes Count="1">
        <Mode0 Name="default">
          <local>
            <LaunchingApplication PathPlusParams="/usr/X11R6/bin/xterm -T 'Lazarus Run Output' -e $(LazarusDir)/tools/runwait.sh $(TargetCmdLine)"/>
          </local>
        </Mode0>
      </Modes>
    </RunParams>
    <RequiredPackages Count="6">
      <Item1>
        <PackageName Value="lazdbexport"/>
      </Item1>
      <Item2>
        <PackageName Value="SQLDBLaz"/>
      </Item2>
      <Item3>
        <PackageName Value="FCL"/>
      </Item3>
      <Item4>
        <PackageName Value="ZVDateTimeCtrls"/>
      </Item4>
      <Item5>
        <PackageName Value="HashLib4PascalPackage"/>
      </Item5>
      <Item6>
        <PackageName Value="LCL"/>
      </Item6>
    </RequiredPackages>
    <Units Count="20">
      <Unit0>
        <Filename Value="quickhash.lpr"/>
        <IsPartOfProject Value="True"/>
        <UsageCount Value="33"/>
        <Loaded Value="True"/>
      </Unit0>
      <Unit1>
        <Filename Value="unit2.pas"/>
        <IsPartOfProject Value="True"/>
        <ComponentName Value="MainForm"/>
        <HasResources Value="True"/>
        <ResourceBaseClass Value="Form"/>
        <UnitName Value="Unit2"/>
        <IsVisibleTab Value="True"/>
        <EditorIndex Value="1"/>
        <CursorPos X="12" Y="6"/>
        <UsageCount Value="33"/>
        <Loaded Value="True"/>
        <LoadedDesigner Value="True"/>
      </Unit1>
      <Unit2>
        <Filename Value="udisplaygrid.pas"/>
        <IsPartOfProject Value="True"/>
        <ComponentName Value="frmDisplayGrid1"/>
        <HasResources Value="True"/>
        <ResourceBaseClass Value="Form"/>
        <UnitName Value="uDisplayGrid"/>
        <EditorIndex Value="6"/>
        <UsageCount Value="33"/>
        <Loaded Value="True"/>
        <LoadedDesigner Value="True"/>
      </Unit2>
      <Unit3>
        <Filename Value="diskmodule.pas"/>
        <IsPartOfProject Value="True"/>
        <ComponentName Value="frmDiskHashingModule"/>
        <HasResources Value="True"/>
        <ResourceBaseClass Value="Form"/>
        <EditorIndex Value="7"/>
        <UsageCount Value="33"/>
        <Loaded Value="True"/>
        <LoadedDesigner Value="True"/>
      </Unit3>
      <Unit4>
        <Filename Value="diskmodule.lfm"/>
        <IsPartOfProject Value="True"/>
        <EditorIndex Value="-1"/>
        <UsageCount Value="33"/>
        <DefaultSyntaxHighlighter Value="LFM"/>
      </Unit4>
      <Unit5>
        <Filename Value="diskspecification.lfm"/>
        <IsPartOfProject Value="True"/>
        <EditorIndex Value="-1"/>
        <UsageCount Value="33"/>
        <DefaultSyntaxHighlighter Value="LFM"/>
      </Unit5>
      <Unit6>
        <Filename Value="diskspecification.pas"/>
        <IsPartOfProject Value="True"/>
        <ComponentName Value="frmTechSpecs"/>
        <HasResources Value="True"/>
        <ResourceBaseClass Value="Form"/>
        <EditorIndex Value="8"/>
        <UsageCount Value="33"/>
        <Loaded Value="True"/>
        <LoadedDesigner Value="True"/>
      </Unit6>
      <Unit7>
        <Filename Value="GPTMBR.pas"/>
        <IsPartOfProject Value="True"/>
        <EditorIndex Value="9"/>
        <CursorPos X="28" Y="9"/>
        <UsageCount Value="33"/>
        <Loaded Value="True"/>
      </Unit7>
      <Unit8>
        <Filename Value="uGPT.pas"/>
        <IsPartOfProject Value="True"/>
        <EditorIndex Value="10"/>
        <CursorPos X="28" Y="10"/>
        <UsageCount Value="33"/>
        <Loaded Value="True"/>
      </Unit8>
      <Unit9>
        <Filename Value="uprogress.pas"/>
        <IsPartOfProject Value="True"/>
        <ComponentName Value="frmProgress"/>
        <HasResources Value="True"/>
        <ResourceBaseClass Value="Form"/>
        <UnitName Value="uProgress"/>
        <EditorIndex Value="11"/>
        <UsageCount Value="33"/>
        <Loaded Value="True"/>
        <LoadedDesigner Value="True"/>
      </Unit9>
      <Unit10>
        <Filename Value="dbases_sqlite.pas"/>
        <IsPartOfProject Value="True"/>
        <ComponentName Value="frmSQLiteDBases"/>
        <HasResources Value="True"/>
        <ResourceBaseClass Value="Form"/>
        <EditorIndex Value="12"/>
        <TopLine Value="544"/>
        <CursorPos X="47" Y="556"/>
        <UsageCount Value="33"/>
        <Loaded Value="True"/>
        <LoadedDesigner Value="True"/>
      </Unit10>
      <Unit11>
        <Filename Value="HashLib4Pascal/src/Interfaces/HlpIHashResult.pas"/>
        <EditorIndex Value="-1"/>
        <CursorPos X="6" Y="2"/>
        <UsageCount Value="10"/>
      </Unit11>
      <Unit12>
        <Filename Value="../../Packages/HashLib4Pascal/HashLib/src/Base/HlpHashFactory.pas"/>
        <EditorIndex Value="-1"/>
        <TopLine Value="350"/>
        <CursorPos X="25" Y="382"/>
        <UsageCount Value="10"/>
      </Unit12>
      <Unit13>
        <Filename Value="../../Packages/HashLib4Pascal/HashLib/src/Packages/FPC/HashLib4PascalPackage.pas"/>
        <EditorIndex Value="-1"/>
        <CursorPos X="3" Y="11"/>
        <UsageCount Value="10"/>
      </Unit13>
      <Unit14>
        <Filename Value="../../Packages/HashLib4Pascal/src/Base/HlpHashFactory.pas"/>
        <EditorIndex Value="-1"/>
        <TopLine Value="372"/>
        <CursorPos X="22" Y="409"/>
        <UsageCount Value="10"/>
      </Unit14>
      <Unit15>
        <Filename Value="../../Libraries/HashLib4Pascal/HashLib/src/Base/HlpHashResult.pas"/>
        <EditorIndex Value="-1"/>
        <TopLine Value="138"/>
        <CursorPos X="18" Y="156"/>
        <UsageCount Value="12"/>
      </Unit15>
      <Unit16>
        <Filename Value="../../../../../../lazarus-v2.0.2/lcl/include/radiogroup.inc"/>
        <EditorIndex Value="5"/>
        <TopLine Value="423"/>
        <CursorPos Y="441"/>
        <UsageCount Value="15"/>
        <Loaded Value="True"/>
      </Unit16>
      <Unit17>
        <Filename Value="../../../../../../lazarus-v2.0.2/lcl/include/control.inc"/>
        <EditorIndex Value="4"/>
        <TopLine Value="3551"/>
        <CursorPos Y="3568"/>
        <UsageCount Value="15"/>
        <Loaded Value="True"/>
      </Unit17>
      <Unit18>
        <Filename Value="../../../../../../lazarus-v2.0.2/lcl/clipbrd.pp"/>
        <UnitName Value="Clipbrd"/>
        <EditorIndex Value="3"/>
        <TopLine Value="245"/>
        <CursorPos Y="263"/>
        <UsageCount Value="15"/>
        <Loaded Value="True"/>
      </Unit18>
      <Unit19>
        <Filename Value="frmaboutunit.pas"/>
        <ComponentName Value="frmAbout"/>
        <HasResources Value="True"/>
        <ResourceBaseClass Value="Form"/>
        <UnitName Value="frmAboutUnit"/>
        <EditorIndex Value="2"/>
        <CursorPos X="17" Y="15"/>
        <UsageCount Value="14"/>
        <Loaded Value="True"/>
        <LoadedDesigner Value="True"/>
      </Unit19>
    </Units>
    <JumpHistory Count="30" HistoryIndex="29">
      <Position1>
        <Filename Value="unit2.pas"/>
        <Caret Line="2869" Column="41" TopLine="2839"/>
      </Position1>
      <Position2>
        <Filename Value="unit2.pas"/>
        <Caret Line="2882" Column="49" TopLine="2853"/>
      </Position2>
      <Position3>
        <Filename Value="unit2.pas"/>
        <Caret Line="2896" Column="49" TopLine="2867"/>
      </Position3>
      <Position4>
        <Filename Value="unit2.pas"/>
        <Caret Line="2934" Column="41" TopLine="2904"/>
      </Position4>
      <Position5>
        <Filename Value="unit2.pas"/>
        <Caret Line="2935" Column="41" TopLine="2905"/>
      </Position5>
      <Position6>
        <Filename Value="unit2.pas"/>
        <Caret Line="2948" Column="51" TopLine="2919"/>
      </Position6>
      <Position7>
        <Filename Value="unit2.pas"/>
        <Caret Line="2962" Column="49" TopLine="2933"/>
      </Position7>
      <Position8>
        <Filename Value="unit2.pas"/>
        <Caret Line="3906" Column="26" TopLine="3877"/>
      </Position8>
      <Position9>
        <Filename Value="dbases_sqlite.pas"/>
        <Caret Line="698" Column="3" TopLine="693"/>
      </Position9>
      <Position10>
        <Filename Value="unit2.pas"/>
        <Caret Line="4496" Column="34" TopLine="4467"/>
      </Position10>
      <Position11>
        <Filename Value="unit2.pas"/>
        <Caret Line="1689" Column="25" TopLine="1680"/>
      </Position11>
      <Position12>
        <Filename Value="dbases_sqlite.pas"/>
        <Caret Line="62" Column="15" TopLine="44"/>
      </Position12>
      <Position13>
        <Filename Value="dbases_sqlite.pas"/>
        <Caret Line="549" Column="13" TopLine="525"/>
      </Position13>
      <Position14>
        <Filename Value="dbases_sqlite.pas"/>
        <Caret Line="534" Column="15" TopLine="529"/>
      </Position14>
      <Position15>
        <Filename Value="dbases_sqlite.pas"/>
        <Caret Line="560" Column="19" TopLine="533"/>
      </Position15>
      <Position16>
        <Filename Value="dbases_sqlite.pas"/>
        <Caret Line="34" Column="43" TopLine="10"/>
      </Position16>
      <Position17>
        <Filename Value="dbases_sqlite.pas"/>
        <Caret Line="42" Column="34" TopLine="25"/>
      </Position17>
      <Position18>
        <Filename Value="unit2.pas"/>
        <Caret Line="1689" Column="25" TopLine="1680"/>
      </Position18>
      <Position19>
        <Filename Value="unit2.pas"/>
        <Caret Line="1701" Column="29" TopLine="1680"/>
      </Position19>
      <Position20>
        <Filename Value="dbases_sqlite.pas"/>
        <Caret Line="63" Column="15" TopLine="46"/>
      </Position20>
      <Position21>
        <Filename Value="dbases_sqlite.pas"/>
        <Caret Line="533" Column="35" TopLine="528"/>
      </Position21>
      <Position22>
        <Filename Value="dbases_sqlite.pas"/>
        <Caret Line="531" Column="34" TopLine="519"/>
      </Position22>
      <Position23>
        <Filename Value="dbases_sqlite.pas"/>
        <Caret Line="537" Column="29" TopLine="519"/>
      </Position23>
      <Position24>
        <Filename Value="dbases_sqlite.pas"/>
        <Caret Line="18" Column="74"/>
      </Position24>
      <Position25>
        <Filename Value="dbases_sqlite.pas"/>
        <Caret Line="34" Column="48" TopLine="4"/>
      </Position25>
      <Position26>
        <Filename Value="dbases_sqlite.pas"/>
        <Caret Line="43" Column="23" TopLine="13"/>
      </Position26>
      <Position27>
        <Filename Value="dbases_sqlite.pas"/>
        <Caret Line="62" Column="22" TopLine="32"/>
      </Position27>
      <Position28>
        <Filename Value="dbases_sqlite.pas"/>
        <Caret Line="563" Column="43" TopLine="542"/>
      </Position28>
      <Position29>
        <Filename Value="dbases_sqlite.pas"/>
        <Caret Line="547" Column="18" TopLine="529"/>
      </Position29>
      <Position30>
        <Filename Value="dbases_sqlite.pas"/>
        <Caret Line="548" Column="9" TopLine="531"/>
      </Position30>
    </JumpHistory>
  </ProjectOptions>
  <CompilerOptions>
    <Version Value="11"/>
    <Target>
      <Filename Value="QuickHash"/>
    </Target>
    <SearchPaths>
      <IncludeFiles Value="$(ProjOutDir)"/>
    </SearchPaths>
    <Parsing>
      <SyntaxOptions>
        <UseAnsiStrings Value="False"/>
      </SyntaxOptions>
    </Parsing>
    <CodeGeneration>
      <Optimizations>
        <OptimizationLevel Value="2"/>
      </Optimizations>
    </CodeGeneration>
    <Linking>
      <Debugging>
        <DebugInfoType Value="dsDwarf2Set"/>
        <StripSymbols Value="True"/>
      </Debugging>
      <Options>
        <Win32>
          <GraphicApplication Value="True"/>
        </Win32>
      </Options>
    </Linking>
    <Other>
      <CustomOptions Value="-OoREGVAR
-OoPEEPHOLE"/>
    </Other>
  </CompilerOptions>
  <Debugging>
    <Exceptions Count="3">
      <Item1>
        <Name Value="EAbort"/>
      </Item1>
      <Item2>
        <Name Value="ECodetoolError"/>
      </Item2>
      <Item3>
        <Name Value="EFOpenError"/>
      </Item3>
    </Exceptions>
  </Debugging>
</CONFIG>
