<?xml version="1.0" encoding="UTF-8"?>
<CONFIG>
  <ProjectOptions>
    <Version Value="10"/>
    <General>
      <MainUnit Value="0"/>
      <Title Value="QuickHash"/>
      <Icon Value="0"/>
    </General>
    <i18n>
      <OutDir Value="languages"/>
    </i18n>
    <VersionInfo>
      <UseVersionInfo Value="True"/>
      <MajorVersionNr Value="3"/>
      <RevisionNr Value="1"/>
      <Language Value="0809"/>
      <StringTable Comments="Free, cross platform, open-source file and disk hashing software" CompanyName="Ted Smith (Ted Technology on Sourceforge)" FileDescription="File hashing GUI for Linux &amp; Windows" LegalCopyright="2011 - 2018 (c) Ted Smith" ProductName="QuickHash (www.quickhash-gui.org)" ProductVersion=""/>
    </VersionInfo>
    <BuildModes Count="1">
      <Item1 Name="default" Default="True"/>
    </BuildModes>
    <PublishOptions>
      <Version Value="2"/>
      <DestinationDirectory Value="C:/tmp/src"/>
      <IncludeFileFilter Value="*.(pas|pp|inc|lfm|lpr|lrs|lpi|lpk|sh|xml)"/>
      <UseExcludeFileFilter Value="True"/>
      <ExcludeFileFilter Value="*.(lpi|bak|ppu|ppw|o|so);*~;backup"/>
    </PublishOptions>
    <RunParams>
      <local>
        <FormatVersion Value="1"/>
        <LaunchingApplication PathPlusParams="/usr/X11R6/bin/xterm -T 'Lazarus Run Output' -e $(LazarusDir)/tools/runwait.sh $(TargetCmdLine)"/>
      </local>
    </RunParams>
    <RequiredPackages Count="6">
      <Item1>
        <PackageName Value="lazdbexport"/>
      </Item1>
      <Item2>
        <PackageName Value="SQLDBLaz"/>
      </Item2>
      <Item3>
        <PackageName Value="FCL"/>
      </Item3>
      <Item4>
        <PackageName Value="ZVDateTimeCtrls"/>
      </Item4>
      <Item5>
        <PackageName Value="HashLib4PascalPackage"/>
      </Item5>
      <Item6>
        <PackageName Value="LCL"/>
      </Item6>
    </RequiredPackages>
    <Units Count="47">
      <Unit0>
        <Filename Value="quickhash.lpr"/>
        <IsPartOfProject Value="True"/>
        <EditorIndex Value="7"/>
        <TopLine Value="74"/>
        <CursorPos X="34" Y="85"/>
        <UsageCount Value="200"/>
        <Loaded Value="True"/>
      </Unit0>
      <Unit1>
        <Filename Value="unit1.pas"/>
        <ComponentName Value="Form1"/>
        <HasResources Value="True"/>
        <ResourceBaseClass Value="Form"/>
        <TopLine Value="1353"/>
        <CursorPos X="25" Y="777"/>
        <UsageCount Value="148"/>
      </Unit1>
      <Unit2>
        <Filename Value="../../../lazarus/lcl/grids.pas"/>
        <TopLine Value="1081"/>
        <CursorPos X="22" Y="1106"/>
        <UsageCount Value="245"/>
      </Unit2>
      <Unit3>
        <Filename Value="../AmazonUtil/unit1.pas"/>
        <TopLine Value="210"/>
        <CursorPos X="7" Y="240"/>
        <UsageCount Value="242"/>
      </Unit3>
      <Unit4>
        <Filename Value="unit2.pas"/>
        <IsPartOfProject Value="True"/>
        <ComponentName Value="MainForm"/>
        <HasResources Value="True"/>
        <ResourceBaseClass Value="Form"/>
        <UnitName Value="Unit2"/>
        <IsVisibleTab Value="True"/>
        <TopLine Value="3044"/>
        <CursorPos X="4" Y="3076"/>
        <UsageCount Value="201"/>
        <Loaded Value="True"/>
        <LoadedDesigner Value="True"/>
      </Unit4>
      <Unit5>
        <Filename Value="../dcpcrypt-2.0.4.1/dcpcrypt2.pas"/>
        <TopLine Value="299"/>
        <CursorPos X="46" Y="306"/>
        <UsageCount Value="10"/>
      </Unit5>
      <Unit6>
        <Filename Value="../dcpcrypt-2.0.4.1/Hashes/dcphaval.pas"/>
        <TopLine Value="275"/>
        <CursorPos X="54" Y="299"/>
        <UsageCount Value="10"/>
      </Unit6>
      <Unit7>
        <Filename Value="../dcpcrypt-2.0.4.1/Hashes/dcpmd4.pas"/>
        <TopLine Value="168"/>
        <CursorPos X="52" Y="192"/>
        <UsageCount Value="10"/>
      </Unit7>
      <Unit8>
        <Filename Value="../dcpcrypt-2.0.4.1/Hashes/dcpmd5.pas"/>
        <TopLine Value="185"/>
        <CursorPos X="52" Y="209"/>
        <UsageCount Value="10"/>
      </Unit8>
      <Unit9>
        <Filename Value="../dcpcrypt-2.0.4.1/Hashes/dcpripemd128.pas"/>
        <TopLine Value="251"/>
        <CursorPos X="58" Y="275"/>
        <UsageCount Value="10"/>
      </Unit9>
      <Unit10>
        <Filename Value="../dcpcrypt-2.0.4.1/Hashes/dcpripemd160.pas"/>
        <TopLine Value="612"/>
        <CursorPos X="58" Y="636"/>
        <UsageCount Value="10"/>
      </Unit10>
      <Unit11>
        <Filename Value="../dcpcrypt-2.0.4.1/Hashes/dcpsha1.pas"/>
        <TopLine Value="204"/>
        <CursorPos X="53" Y="228"/>
        <UsageCount Value="10"/>
      </Unit11>
      <Unit12>
        <Filename Value="../dcpcrypt-2.0.4.1/Hashes/dcpsha256.pas"/>
        <TopLine Value="10"/>
        <CursorPos Y="10"/>
        <UsageCount Value="10"/>
      </Unit12>
      <Unit13>
        <Filename Value="../dcpcrypt-2.0.4.1/Hashes/dcpsha512.pas"/>
        <TopLine Value="185"/>
        <CursorPos X="59" Y="209"/>
        <UsageCount Value="10"/>
      </Unit13>
      <Unit14>
        <Filename Value="../dcpcrypt-2.0.4.1/Hashes/dcptiger.pas"/>
        <TopLine Value="231"/>
        <CursorPos X="26" Y="265"/>
        <UsageCount Value="10"/>
      </Unit14>
      <Unit15>
        <Filename Value="sha1customised.pas"/>
        <UnitName Value="sha1Customised"/>
        <EditorIndex Value="-1"/>
        <TopLine Value="297"/>
        <CursorPos X="18" Y="303"/>
        <UsageCount Value="179"/>
      </Unit15>
      <Unit16>
        <Filename Value="md5customised.pas"/>
        <EditorIndex Value="-1"/>
        <TopLine Value="611"/>
        <CursorPos X="87" Y="632"/>
        <UsageCount Value="179"/>
      </Unit16>
      <Unit17>
        <Filename Value="DiskModule/diskmoduleunit1.lfm"/>
        <EditorIndex Value="-1"/>
        <UsageCount Value="53"/>
        <DefaultSyntaxHighlighter Value="LFM"/>
      </Unit17>
      <Unit18>
        <Filename Value="DiskModule/diskmoduleunit1.pas"/>
        <ComponentName Value="frmDiskHashingModule"/>
        <HasResources Value="True"/>
        <ResourceBaseClass Value="Form"/>
        <UnitName Value="UYaffi"/>
        <EditorIndex Value="-1"/>
        <TopLine Value="19"/>
        <CursorPos X="47" Y="22"/>
        <UsageCount Value="179"/>
      </Unit18>
      <Unit19>
        <Filename Value="DiskModule/sha1customised.pas"/>
        <TopLine Value="10"/>
        <CursorPos X="41" Y="267"/>
        <UsageCount Value="10"/>
      </Unit19>
      <Unit20>
        <Filename Value="Tmp-ScrShots/forforum.pas"/>
        <TopLine Value="91"/>
        <CursorPos X="79" Y="132"/>
        <UsageCount Value="177"/>
      </Unit20>
      <Unit21>
        <Filename Value="/lazarus/fpc/2.6.4/source/rtl/objpas/types.pp"/>
        <TopLine Value="105"/>
        <UsageCount Value="10"/>
      </Unit21>
      <Unit22>
        <Filename Value="findallfilesenhancedunit.pas"/>
        <CursorPos X="43" Y="15"/>
        <UsageCount Value="174"/>
      </Unit22>
      <Unit23>
        <Filename Value="FindAllFilesEnhanced.pas"/>
        <EditorIndex Value="6"/>
        <CursorPos X="4" Y="10"/>
        <UsageCount Value="100"/>
        <Loaded Value="True"/>
      </Unit23>
      <Unit24>
        <Filename Value="udisplaygrid.pas"/>
        <IsPartOfProject Value="True"/>
        <ComponentName Value="frmDisplayGrid1"/>
        <HasResources Value="True"/>
        <ResourceBaseClass Value="Form"/>
        <UnitName Value="uDisplayGrid"/>
        <EditorIndex Value="5"/>
        <CursorPos X="27" Y="6"/>
        <UsageCount Value="201"/>
        <Loaded Value="True"/>
        <LoadedDesigner Value="True"/>
      </Unit24>
      <Unit25>
        <Filename Value="/usr/share/lazarus/1.4.4/components/lazutils/fileutil.pas"/>
        <UnitName Value="FileUtil"/>
        <EditorIndex Value="-1"/>
        <TopLine Value="159"/>
        <CursorPos X="15" Y="170"/>
        <UsageCount Value="10"/>
      </Unit25>
      <Unit26>
        <Filename Value="/lazarus-FPC3/fpc/3.0.0/source/rtl/inc/objpas.inc"/>
        <EditorIndex Value="-1"/>
        <TopLine Value="275"/>
        <CursorPos X="9" Y="277"/>
        <UsageCount Value="10"/>
      </Unit26>
      <Unit27>
        <Filename Value="diskmodule.pas"/>
        <IsPartOfProject Value="True"/>
        <ComponentName Value="frmDiskHashingModule"/>
        <HasResources Value="True"/>
        <ResourceBaseClass Value="Form"/>
        <EditorIndex Value="3"/>
        <TopLine Value="703"/>
        <CursorPos X="17" Y="715"/>
        <UsageCount Value="200"/>
        <Loaded Value="True"/>
        <LoadedDesigner Value="True"/>
      </Unit27>
      <Unit28>
        <Filename Value="diskmodule.lfm"/>
        <IsPartOfProject Value="True"/>
        <EditorIndex Value="-1"/>
        <WindowIndex Value="-1"/>
        <TopLine Value="-1"/>
        <CursorPos X="-1" Y="-1"/>
        <UsageCount Value="200"/>
        <DefaultSyntaxHighlighter Value="LFM"/>
      </Unit28>
      <Unit29>
        <Filename Value="diskspecification.lfm"/>
        <IsPartOfProject Value="True"/>
        <EditorIndex Value="-1"/>
        <WindowIndex Value="-1"/>
        <TopLine Value="-1"/>
        <CursorPos X="-1" Y="-1"/>
        <UsageCount Value="200"/>
        <DefaultSyntaxHighlighter Value="LFM"/>
      </Unit29>
      <Unit30>
        <Filename Value="diskspecification.pas"/>
        <IsPartOfProject Value="True"/>
        <ComponentName Value="frmTechSpecs"/>
        <HasResources Value="True"/>
        <ResourceBaseClass Value="Form"/>
        <EditorIndex Value="-1"/>
        <TopLine Value="12"/>
        <CursorPos X="3" Y="26"/>
        <UsageCount Value="200"/>
      </Unit30>
      <Unit31>
        <Filename Value="GPTMBR.pas"/>
        <IsPartOfProject Value="True"/>
        <EditorIndex Value="-1"/>
        <WindowIndex Value="-1"/>
        <TopLine Value="-1"/>
        <CursorPos X="-1" Y="-1"/>
        <UsageCount Value="200"/>
      </Unit31>
      <Unit32>
        <Filename Value="uGPT.pas"/>
        <IsPartOfProject Value="True"/>
        <EditorIndex Value="-1"/>
        <WindowIndex Value="-1"/>
        <TopLine Value="-1"/>
        <CursorPos X="-1" Y="-1"/>
        <UsageCount Value="200"/>
      </Unit32>
      <Unit33>
        <Filename Value="uprogress.pas"/>
        <IsPartOfProject Value="True"/>
        <ComponentName Value="frmProgress"/>
        <HasResources Value="True"/>
        <ResourceBaseClass Value="Form"/>
        <UnitName Value="uProgress"/>
        <EditorIndex Value="4"/>
        <CursorPos X="17"/>
        <UsageCount Value="200"/>
        <Loaded Value="True"/>
        <LoadedDesigner Value="True"/>
      </Unit33>
      <Unit34>
        <Filename Value="HashLib4Pascal/HashLib/src/Base/HlpHashFactory.pas"/>
        <EditorIndex Value="-1"/>
        <TopLine Value="92"/>
        <CursorPos X="23" Y="117"/>
        <UsageCount Value="93"/>
      </Unit34>
      <Unit35>
        <Filename Value="dbases_sqlite.pas"/>
        <IsPartOfProject Value="True"/>
        <ComponentName Value="frmSQLiteDBases"/>
        <HasResources Value="True"/>
        <ResourceBaseClass Value="Form"/>
        <EditorIndex Value="2"/>
        <CursorPos X="9" Y="22"/>
        <UsageCount Value="200"/>
        <Loaded Value="True"/>
        <LoadedDesigner Value="True"/>
      </Unit35>
      <Unit36>
        <Filename Value="../../../lazarus/fpc/3.0.2/source/packages/fcl-db/src/base/db.pas"/>
        <EditorIndex Value="-1"/>
        <TopLine Value="1397"/>
        <CursorPos X="9" Y="1425"/>
        <UsageCount Value="2"/>
      </Unit36>
      <Unit37>
        <Filename Value="frmaboutunit.pas"/>
        <ComponentName Value="frmAbout"/>
        <HasResources Value="True"/>
        <ResourceBaseClass Value="Form"/>
        <UnitName Value="frmAboutUnit"/>
        <EditorIndex Value="8"/>
        <TopLine Value="11"/>
        <CursorPos X="9" Y="15"/>
        <UsageCount Value="100"/>
        <Loaded Value="True"/>
        <LoadedDesigner Value="True"/>
      </Unit37>
      <Unit38>
        <Filename Value="loadhashlist.pas"/>
        <IsPartOfProject Value="True"/>
        <EditorIndex Value="-1"/>
        <TopLine Value="4"/>
        <CursorPos X="53" Y="16"/>
        <UsageCount Value="159"/>
      </Unit38>
      <Unit39>
        <Filename Value="uloadhashlist.pas"/>
        <IsPartOfProject Value="True"/>
        <UnitName Value="uLoadhashlist"/>
        <EditorIndex Value="-1"/>
        <CursorPos X="21"/>
        <UsageCount Value="157"/>
      </Unit39>
      <Unit40>
        <Filename Value="uKnownHashLists.pas"/>
        <EditorIndex Value="1"/>
        <TopLine Value="24"/>
        <CursorPos X="6" Y="48"/>
        <UsageCount Value="75"/>
        <Loaded Value="True"/>
      </Unit40>
      <Unit41>
        <Filename Value="../../../lazarus/fpc/3.0.2/source/packages/fcl-base/src/contnrs.pp"/>
        <EditorIndex Value="-1"/>
        <TopLine Value="1454"/>
        <CursorPos X="3" Y="1459"/>
        <UsageCount Value="3"/>
      </Unit41>
      <Unit42>
        <Filename Value="../../../lazarus/components/lazutils/fileutil.pas"/>
        <UnitName Value="FileUtil"/>
        <EditorIndex Value="-1"/>
        <TopLine Value="193"/>
        <CursorPos X="15" Y="221"/>
        <UsageCount Value="1"/>
      </Unit42>
      <Unit43>
        <Filename Value="../../../lazarus/components/lazutils/fileutil.inc"/>
        <EditorIndex Value="-1"/>
        <TopLine Value="1191"/>
        <CursorPos X="5" Y="1241"/>
        <UsageCount Value="1"/>
      </Unit43>
      <Unit44>
        <Filename Value="/usr/share/fpcsrc/3.0.2/packages/fcl-db/src/sqldb/sqldblib.pp"/>
        <EditorIndex Value="-1"/>
        <CursorPos X="3" Y="14"/>
        <UsageCount Value="2"/>
      </Unit44>
      <Unit45>
        <Filename Value="/usr/local/share/fpcsrc/rtl/objpas/classes/classesh.inc"/>
        <EditorIndex Value="-1"/>
        <TopLine Value="922"/>
        <CursorPos X="17" Y="938"/>
        <UsageCount Value="2"/>
      </Unit45>
      <Unit46>
        <Filename Value="/usr/local/share/fpcsrc/rtl/inc/objpash.inc"/>
        <EditorIndex Value="-1"/>
        <TopLine Value="177"/>
        <CursorPos X="23" Y="193"/>
        <UsageCount Value="2"/>
      </Unit46>
    </Units>
    <JumpHistory Count="30" HistoryIndex="29">
      <Position1>
        <Filename Value="unit2.pas"/>
        <Caret Line="1837" Column="38" TopLine="1818"/>
      </Position1>
      <Position2>
        <Filename Value="unit2.pas"/>
        <Caret Line="1900" Column="38" TopLine="1880"/>
      </Position2>
      <Position3>
        <Filename Value="unit2.pas"/>
        <Caret Line="1910" Column="43" TopLine="1890"/>
      </Position3>
      <Position4>
        <Filename Value="unit2.pas"/>
        <Caret Line="2814" Column="35" TopLine="2794"/>
      </Position4>
      <Position5>
        <Filename Value="unit2.pas"/>
        <Caret Line="2880" Column="37" TopLine="2860"/>
      </Position5>
      <Position6>
        <Filename Value="unit2.pas"/>
        <Caret Line="3153" Column="47" TopLine="3133"/>
      </Position6>
      <Position7>
        <Filename Value="unit2.pas"/>
        <Caret Line="3163" Column="47" TopLine="3143"/>
      </Position7>
      <Position8>
        <Filename Value="unit2.pas"/>
        <Caret Line="3295" Column="35" TopLine="3275"/>
      </Position8>
      <Position9>
        <Filename Value="unit2.pas"/>
        <Caret Line="3319" Column="46" TopLine="3299"/>
      </Position9>
      <Position10>
        <Filename Value="unit2.pas"/>
        <Caret Line="3322" Column="46" TopLine="3302"/>
      </Position10>
      <Position11>
        <Filename Value="unit2.pas"/>
        <Caret Line="3517" Column="5" TopLine="3500"/>
      </Position11>
      <Position12>
        <Filename Value="unit2.pas"/>
        <Caret Line="578" Column="37" TopLine="573"/>
      </Position12>
      <Position13>
        <Filename Value="unit2.pas"/>
        <Caret Line="580" Column="29" TopLine="568"/>
      </Position13>
      <Position14>
        <Filename Value="unit2.pas"/>
        <Caret Line="3505" Column="41" TopLine="3501"/>
      </Position14>
      <Position15>
        <Filename Value="unit2.pas"/>
        <Caret Line="525" Column="30" TopLine="514"/>
      </Position15>
      <Position16>
        <Filename Value="unit2.pas"/>
        <Caret Line="580" Column="37" TopLine="560"/>
      </Position16>
      <Position17>
        <Filename Value="unit2.pas"/>
        <Caret Line="3505" Column="36" TopLine="3490"/>
      </Position17>
      <Position18>
        <Filename Value="unit2.pas"/>
        <Caret Line="525" Column="30" TopLine="514"/>
      </Position18>
      <Position19>
        <Filename Value="unit2.pas"/>
        <Caret Line="582" Column="17" TopLine="570"/>
      </Position19>
      <Position20>
        <Filename Value="unit2.pas"/>
        <Caret Line="580" Column="28" TopLine="570"/>
      </Position20>
      <Position21>
        <Filename Value="unit2.pas"/>
        <Caret Line="3703" Column="7" TopLine="3701"/>
      </Position21>
      <Position22>
        <Filename Value="unit2.pas"/>
        <Caret Line="2407" Column="3" TopLine="2405"/>
      </Position22>
      <Position23>
        <Filename Value="unit2.pas"/>
        <Caret Line="2265" Column="35" TopLine="2262"/>
      </Position23>
      <Position24>
        <Filename Value="unit2.pas"/>
        <Caret Line="2411" Column="79" TopLine="2406"/>
      </Position24>
      <Position25>
        <Filename Value="unit2.pas"/>
        <Caret Line="2248" Column="29" TopLine="2241"/>
      </Position25>
      <Position26>
        <Filename Value="unit2.pas"/>
        <Caret Line="2411" Column="3" TopLine="2409"/>
      </Position26>
      <Position27>
        <Filename Value="unit2.pas"/>
        <Caret Line="2262" Column="3" TopLine="2239"/>
      </Position27>
      <Position28>
        <Filename Value="unit2.pas"/>
        <Caret Line="2422" Column="3" TopLine="2420"/>
      </Position28>
      <Position29>
        <Filename Value="unit2.pas"/>
        <Caret Line="2952" Column="3" TopLine="2947"/>
      </Position29>
      <Position30>
        <Filename Value="unit2.pas"/>
        <Caret Line="2422" Column="12" TopLine="2420"/>
      </Position30>
    </JumpHistory>
  </ProjectOptions>
  <CompilerOptions>
    <Version Value="11"/>
    <Target>
      <Filename Value="QuickHash"/>
    </Target>
    <SearchPaths>
      <IncludeFiles Value="$(ProjOutDir)"/>
    </SearchPaths>
    <Parsing>
      <SyntaxOptions>
        <UseAnsiStrings Value="False"/>
      </SyntaxOptions>
    </Parsing>
    <CodeGeneration>
      <Optimizations>
        <OptimizationLevel Value="2"/>
      </Optimizations>
    </CodeGeneration>
    <Linking>
      <Debugging>
        <DebugInfoType Value="dsDwarf2Set"/>
        <StripSymbols Value="True"/>
      </Debugging>
      <Options>
        <Win32>
          <GraphicApplication Value="True"/>
        </Win32>
      </Options>
    </Linking>
    <Other>
      <CustomOptions Value="-OoREGVAR
-OoPEEPHOLE"/>
    </Other>
  </CompilerOptions>
  <Debugging>
    <BreakPoints Count="1">
      <Item1>
        <Kind Value="bpkAddress"/>
        <Address Value="5027669"/>
        <WatchScope Value="wpsLocal"/>
        <WatchKind Value="wpkWrite"/>
      </Item1>
    </BreakPoints>
    <Watches Count="1">
      <Item1>
        <Expression Value="s"/>
      </Item1>
    </Watches>
    <Exceptions Count="3">
      <Item1>
        <Name Value="EAbort"/>
      </Item1>
      <Item2>
        <Name Value="ECodetoolError"/>
      </Item2>
      <Item3>
        <Name Value="EFOpenError"/>
      </Item3>
    </Exceptions>
  </Debugging>
</CONFIG>
