<?xml version="1.0" encoding="UTF-8"?>
<CONFIG>
  <ProjectOptions>
    <Version Value="1"/>
    <General>
      <MainUnit Value="0"/>
      <Title Value="QuickHash"/>
      <Icon Value="0"/>
    </General>
    <VersionInfo>
      <UseVersionInfo Value="True"/>
      <AutoIncrementBuild Value="False"/>
      <MajorVersionNr Value="3"/>
      <Language Value="0809"/>
      <StringTable Comments="Free, cross platform, open-source file and disk hashing software"
                   CompanyName="Ted Smith (Ted Technology on Sourceforge)"
                   FileDescription="The easy and convenient way to hash data in Linux, OSX and Windows"
                   LegalCopyright="2011 - 2019 (c) Ted Smith"
                   ProductName="QuickHash (www.quickhash-gui.org)"
                   />
    </VersionInfo>
    <BuildModes Count="1">
      <Item1 Name="default" Default="True"/>
    </BuildModes>
    <RequiredPackages Count="6">
      <Item1>
        <PackageName Value="lazdbexport"/>
      </Item1>
      <Item2>
        <PackageName Value="SQLDBLaz"/>
      </Item2>
      <Item3>
        <PackageName Value="FCL"/>
      </Item3>
      <Item4>
        <PackageName Value="ZVDateTimeCtrls"/>
      </Item4>
      <Item5>
        <PackageName Value="HashLib4PascalPackage"/>
      </Item5>
      <Item6>
        <PackageName Value="LCL"/>
      </Item6>
    </RequiredPackages>
    <Units Count="19">
      <Unit0>
        <Filename Value="quickhash.lpr"/>
      </Unit0>
      <Unit1>
        <Filename Value="unit2.pas"/>
      </Unit1>
      <Unit2>
        <Filename Value="unit2.lfm"/>
      </Unit2>
      <Unit3>
        <Filename Value="dbases_sqlite.pas"/>
      </Unit3>
      <Unit4>
        <Filename Value="dbases_sqlite.lfm"/>
      </Unit4>
      <Unit5>
        <Filename Value="diskmodule.pas"/>
      </Unit5>
      <Unit6>
        <Filename Value="diskmodule.lfm"/>
      </Unit6>
      <Unit7>
        <Filename Value="diskspecification.pas"/>
      </Unit7>
      <Unit8>
        <Filename Value="diskspecification.lfm"/>
      </Unit8>
      <Unit9>
        <Filename Value="FindAllFilesEnhanced.pas"/>
      </Unit9>
      <Unit10>
        <Filename Value="frmaboutunit.pas"/>
      </Unit10>
      <Unit11>
        <Filename Value="frmaboutunit.lfm"/>
      </Unit11>
      <Unit12>
        <Filename Value="GPTMBR.pas"/>
      </Unit12>
      <Unit13>
        <Filename Value="udisplaygrid.pas"/>
      </Unit13>
      <Unit14>
        <Filename Value="udisplaygrid.lfm"/>
      </Unit14>
      <Unit15>
        <Filename Value="uGPT.pas"/>
      </Unit15>
      <Unit16>
        <Filename Value="uKnownHashLists.pas"/>
      </Unit16>
      <Unit17>
        <Filename Value="uprogress.pas"/>
      </Unit17>
      <Unit18>
        <Filename Value="uprogress.lfm"/>
      </Unit18>
    </Units>
  </ProjectOptions>
  <CompilerOptions>
    <Target>
      <Filename Value="quickhash"/>
    </Target>
    <SearchPaths>
      <IncludeFiles Value="$(ProjOutDir)"/>
    </SearchPaths>
    <Parsing>
      <SyntaxOptions>
        <UseAnsiStrings Value="False"/>
      </SyntaxOptions>
    </Parsing>
    <CodeGeneration>
      <RelocatableUnit Value="True"/>
      <Checks>
        <IOChecks Value="True"/>
        <RangeChecks Value="True"/>
        <OverflowChecks Value="True"/>
        <StackChecks Value="True"/>
      </Checks>
      <VerifyObjMethodCallValidity Value="True"/>
      <Optimizations>
        <OptimizationLevel Value="3"/>
      </Optimizations>
    </CodeGeneration>
    <Linking>
      <Debugging>
        <GenerateDebugInfo Value="False"/>
        <DebugInfoType Value="dsDwarf2Set"/>
        <StripSymbols Value="True"/>
      </Debugging>
      <Options>
        <PassLinkerOptions Value="True"/>
        <LinkerOptions Value="-z relro -pie --as-needed"/>
      </Options>
    </Linking>
    <Other>
      <CustomOptions Value="-OoREGVAR
-OoPEEPHOLE"/>
    </Other>
  </CompilerOptions>
</CONFIG>
