<?xml version="1.0" encoding="UTF-8"?>
<CONFIG>
  <ProjectOptions>
    <Version Value="1"/>
    <General>
      <MainUnit Value="0"/>
      <Title Value="QuickHash"/>
      <Scaled Value="True"/>
      <Icon Value="0"/><!-- enables application icon; icon name must be the same as this file -->
    </General>
    <VersionInfo>
      <UseVersionInfo Value="True"/>
      <AutoIncrementBuild Value="False"/>
      <MajorVersionNr Value="3"/>
      <MinorVersionNr Value="3"/>
      <RevisionNr Value="4"/>
      <Language Value="0809"/>
      <StringTable
        Comments="Free, cross platform, open-source file and disk hashing software"
        CompanyName="Ted Smith (Quickhash-GUI)"
        FileDescription="Quickhash-GUI - Data hashing tool for Linux, Windows and OSX"
        LegalCopyright="2011 - 2023 (c) Ted Smith"
        LegalTrademarks="See source code and user manual"
        ProductName="QuickHash-GUI (www.quickhash-gui.org)"
        ProductVersion="3.3.4"/>
    </VersionInfo>
    <BuildModes Count="1">
      <Item1 Name="default" Default="True"/>
    </BuildModes>
    <RequiredPackages Count="6">
      <Item1>
        <PackageName Value="HashLib4PascalPackage"/>
      </Item1>
      <Item2>
        <PackageName Value="lazdbexport"/>
      </Item2>
      <Item3>
        <PackageName Value="SQLDBLaz"/>
      </Item3>
      <Item4>
        <PackageName Value="FCL"/>
      </Item4>
      <Item5>
        <PackageName Value="DateTimeCtrls"/>
      </Item5>
      <Item6>
        <PackageName Value="LCL"/>
      </Item6>
    </RequiredPackages>
    <Units Count="1">
      <Unit0>
        <Filename Value="quickhash.lpr"/>
      </Unit0>
    </Units>
  </ProjectOptions>
  <CompilerOptions>
    <Target>
      <Filename Value="quickhash"/>
    </Target>
    <SearchPaths>
      <IncludeFiles Value="$(ProjOutDir)"/>
    </SearchPaths>
    <Parsing>
      <SyntaxOptions>
        <UseAnsiStrings Value="False"/>
      </SyntaxOptions>
    </Parsing>
    <CodeGeneration>
      <RelocatableUnit Value="True"/>
      <Checks>
        <IOChecks Value="False"/>
        <RangeChecks Value="False"/>
        <OverflowChecks Value="False"/>
        <StackChecks Value="True"/>
      </Checks>
      <VerifyObjMethodCallValidity Value="False"/>
      <Optimizations>
        <OptimizationLevel Value="3"/>
      </Optimizations>
    </CodeGeneration>
    <Linking>
      <Debugging>
        <GenerateDebugInfo Value="False"/>
        <DebugInfoType Value="dsDwarf2Set"/>
        <StripSymbols Value="True"/>
      </Debugging>
      <Options>
        <PassLinkerOptions Value="True"/>
        <LinkerOptions Value="-z relro --as-needed"/>
      </Options>
    </Linking>
    <Other>
      <CompilerMessages>
        <IgnoredMessages idx5024="True"/><!-- "Param XX is unused" -->
      </CompilerMessages>
      <CustomOptions Value="-OoREGVAR
-OoPEEPHOLE"/>
    </Other>
  </CompilerOptions>
</CONFIG>
